// !$*UTF8*$!
{
	archiveVersion = 1;
	classes = {
	};
	objectVersion = 50;
	objects = {

/* Begin PBXBuildFile section */
		243E22D4CC859D4DE2F4B5CA /* Pods_testGit.framework in Frameworks */ = {isa = PBXBuildFile; fileRef = 61391C1887080D05B71AF5F3 /* Pods_testGit.framework */; };
		B5B8CCC726F094C30057422D /* AppDelegate.swift in Sources */ = {isa = PBXBuildFile; fileRef = B5B8CCC626F094C30057422D /* AppDelegate.swift */; };
		B5B8CCC926F094C30057422D /* SceneDelegate.swift in Sources */ = {isa = PBXBuildFile; fileRef = B5B8CCC826F094C30057422D /* SceneDelegate.swift */; };
		B5B8CCCB26F094C30057422D /* ViewController.swift in Sources */ = {isa = PBXBuildFile; fileRef = B5B8CCCA26F094C30057422D /* ViewController.swift */; };
		B5B8CCCE26F094C30057422D /* Main.storyboard in Resources */ = {isa = PBXBuildFile; fileRef = B5B8CCCC26F094C30057422D /* Main.storyboard */; };
		B5B8CCD026F094C60057422D /* Assets.xcassets in Resources */ = {isa = PBXBuildFile; fileRef = B5B8CCCF26F094C60057422D /* Assets.xcassets */; };
		B5B8CCD326F094C60057422D /* LaunchScreen.storyboard in Resources */ = {isa = PBXBuildFile; fileRef = B5B8CCD126F094C60057422D /* LaunchScreen.storyboard */; };
		B5B8CCDE26F094C70057422D /* testGitTests.swift in Sources */ = {isa = PBXBuildFile; fileRef = B5B8CCDD26F094C70057422D /* testGitTests.swift */; };
		B5B8CCE926F094C70057422D /* testGitUITests.swift in Sources */ = {isa = PBXBuildFile; fileRef = B5B8CCE826F094C70057422D /* testGitUITests.swift */; };
/* End PBXBuildFile section */

/* Begin PBXContainerItemProxy section */
		B5B8CCDA26F094C70057422D /* PBXContainerItemProxy */ = {
			isa = PBXContainerItemProxy;
			containerPortal = B5B8CCBB26F094C30057422D /* Project object */;
			proxyType = 1;
			remoteGlobalIDString = B5B8CCC226F094C30057422D;
			remoteInfo = testGit;
		};
		B5B8CCE526F094C70057422D /* PBXContainerItemProxy */ = {
			isa = PBXContainerItemProxy;
			containerPortal = B5B8CCBB26F094C30057422D /* Project object */;
			proxyType = 1;
			remoteGlobalIDString = B5B8CCC226F094C30057422D;
			remoteInfo = testGit;
		};
/* End PBXContainerItemProxy section */

/* Begin PBXFileReference section */
		61391C1887080D05B71AF5F3 /* Pods_testGit.framework */ = {isa = PBXFileReference; explicitFileType = wrapper.framework; includeInIndex = 0; path = Pods_testGit.framework; sourceTree = BUILT_PRODUCTS_DIR; };
		67462CF059E9825819BC9B5D /* Pods-testGit.release.xcconfig */ = {isa = PBXFileReference; includeInIndex = 1; lastKnownFileType = text.xcconfig; name = "Pods-testGit.release.xcconfig"; path = "Target Support Files/Pods-testGit/Pods-testGit.release.xcconfig"; sourceTree = "<group>"; };
		8A55418124C5AB753F5A95C2 /* Pods-testGit.debug.xcconfig */ = {isa = PBXFileReference; includeInIndex = 1; lastKnownFileType = text.xcconfig; name = "Pods-testGit.debug.xcconfig"; path = "Target Support Files/Pods-testGit/Pods-testGit.debug.xcconfig"; sourceTree = "<group>"; };
		B5B8CCC326F094C30057422D /* testGit.app */ = {isa = PBXFileReference; explicitFileType = wrapper.application; includeInIndex = 0; path = testGit.app; sourceTree = BUILT_PRODUCTS_DIR; };
		B5B8CCC626F094C30057422D /* AppDelegate.swift */ = {isa = PBXFileReference; lastKnownFileType = sourcecode.swift; path = AppDelegate.swift; sourceTree = "<group>"; };
		B5B8CCC826F094C30057422D /* SceneDelegate.swift */ = {isa = PBXFileReference; lastKnownFileType = sourcecode.swift; path = SceneDelegate.swift; sourceTree = "<group>"; };
		B5B8CCCA26F094C30057422D /* ViewController.swift */ = {isa = PBXFileReference; lastKnownFileType = sourcecode.swift; path = ViewController.swift; sourceTree = "<group>"; };
		B5B8CCCD26F094C30057422D /* Base */ = {isa = PBXFileReference; lastKnownFileType = file.storyboard; name = Base; path = Base.lproj/Main.storyboard; sourceTree = "<group>"; };
		B5B8CCCF26F094C60057422D /* Assets.xcassets */ = {isa = PBXFileReference; lastKnownFileType = folder.assetcatalog; path = Assets.xcassets; sourceTree = "<group>"; };
		B5B8CCD226F094C60057422D /* Base */ = {isa = PBXFileReference; lastKnownFileType = file.storyboard; name = Base; path = Base.lproj/LaunchScreen.storyboard; sourceTree = "<group>"; };
		B5B8CCD426F094C60057422D /* Info.plist */ = {isa = PBXFileReference; lastKnownFileType = text.plist.xml; path = Info.plist; sourceTree = "<group>"; };
		B5B8CCD926F094C70057422D /* testGitTests.xctest */ = {isa = PBXFileReference; explicitFileType = wrapper.cfbundle; includeInIndex = 0; path = testGitTests.xctest; sourceTree = BUILT_PRODUCTS_DIR; };
		B5B8CCDD26F094C70057422D /* testGitTests.swift */ = {isa = PBXFileReference; lastKnownFileType = sourcecode.swift; path = testGitTests.swift; sourceTree = "<group>"; };
		B5B8CCDF26F094C70057422D /* Info.plist */ = {isa = PBXFileReference; lastKnownFileType = text.plist.xml; path = Info.plist; sourceTree = "<group>"; };
		B5B8CCE426F094C70057422D /* testGitUITests.xctest */ = {isa = PBXFileReference; explicitFileType = wrapper.cfbundle; includeInIndex = 0; path = testGitUITests.xctest; sourceTree = BUILT_PRODUCTS_DIR; };
		B5B8CCE826F094C70057422D /* testGitUITests.swift */ = {isa = PBXFileReference; lastKnownFileType = sourcecode.swift; path = testGitUITests.swift; sourceTree = "<group>"; };
		B5B8CCEA26F094C70057422D /* Info.plist */ = {isa = PBXFileReference; lastKnownFileType = text.plist.xml; path = Info.plist; sourceTree = "<group>"; };
/* End PBXFileReference section */

/* Begin PBXFrameworksBuildPhase section */
		B5B8CCC026F094C30057422D /* Frameworks */ = {
			isa = PBXFrameworksBuildPhase;
			buildActionMask = 2147483647;
			files = (
				243E22D4CC859D4DE2F4B5CA /* Pods_testGit.framework in Frameworks */,
			);
			runOnlyForDeploymentPostprocessing = 0;
		};
		B5B8CCD626F094C70057422D /* Frameworks */ = {
			isa = PBXFrameworksBuildPhase;
			buildActionMask = 2147483647;
			files = (
			);
			runOnlyForDeploymentPostprocessing = 0;
		};
		B5B8CCE126F094C70057422D /* Frameworks */ = {
			isa = PBXFrameworksBuildPhase;
			buildActionMask = 2147483647;
			files = (
			);
			runOnlyForDeploymentPostprocessing = 0;
		};
/* End PBXFrameworksBuildPhase section */

/* Begin PBXGroup section */
		B5B8CCBA26F094C30057422D = {
			isa = PBXGroup;
			children = (
				B5B8CCC526F094C30057422D /* testGit */,
				B5B8CCDC26F094C70057422D /* testGitTests */,
				B5B8CCE726F094C70057422D /* testGitUITests */,
				B5B8CCC426F094C30057422D /* Products */,
				C772E99A4CFAB6540EA89461 /* Pods */,
				E5B52B5AED6EB1285F804B8D /* Frameworks */,
			);
			sourceTree = "<group>";
		};
		B5B8CCC426F094C30057422D /* Products */ = {
			isa = PBXGroup;
			children = (
				B5B8CCC326F094C30057422D /* testGit.app */,
				B5B8CCD926F094C70057422D /* testGitTests.xctest */,
				B5B8CCE426F094C70057422D /* testGitUITests.xctest */,
			);
			name = Products;
			sourceTree = "<group>";
		};
		B5B8CCC526F094C30057422D /* testGit */ = {
			isa = PBXGroup;
			children = (
				B5B8CCC626F094C30057422D /* AppDelegate.swift */,
				B5B8CCC826F094C30057422D /* SceneDelegate.swift */,
				B5B8CCCA26F094C30057422D /* ViewController.swift */,
				B5B8CCCC26F094C30057422D /* Main.storyboard */,
				B5B8CCCF26F094C60057422D /* Assets.xcassets */,
				B5B8CCD126F094C60057422D /* LaunchScreen.storyboard */,
				B5B8CCD426F094C60057422D /* Info.plist */,
			);
			path = testGit;
			sourceTree = "<group>";
		};
		B5B8CCDC26F094C70057422D /* testGitTests */ = {
			isa = PBXGroup;
			children = (
				B5B8CCDD26F094C70057422D /* testGitTests.swift */,
				B5B8CCDF26F094C70057422D /* Info.plist */,
			);
			path = testGitTests;
			sourceTree = "<group>";
		};
		B5B8CCE726F094C70057422D /* testGitUITests */ = {
			isa = PBXGroup;
			children = (
				B5B8CCE826F094C70057422D /* testGitUITests.swift */,
				B5B8CCEA26F094C70057422D /* Info.plist */,
			);
			path = testGitUITests;
			sourceTree = "<group>";
		};
		C772E99A4CFAB6540EA89461 /* Pods */ = {
			isa = PBXGroup;
			children = (
				8A55418124C5AB753F5A95C2 /* Pods-testGit.debug.xcconfig */,
				67462CF059E9825819BC9B5D /* Pods-testGit.release.xcconfig */,
			);
			name = Pods;
			path = Pods;
			sourceTree = "<group>";
		};
		E5B52B5AED6EB1285F804B8D /* Frameworks */ = {
			isa = PBXGroup;
			children = (
				61391C1887080D05B71AF5F3 /* Pods_testGit.framework */,
			);
			name = Frameworks;
			sourceTree = "<group>";
		};
/* End PBXGroup section */

/* Begin PBXNativeTarget section */
		B5B8CCC226F094C30057422D /* testGit */ = {
			isa = PBXNativeTarget;
			buildConfigurationList = B5B8CCED26F094C70057422D /* Build configuration list for PBXNativeTarget "testGit" */;
			buildPhases = (
				7FDB4BB57D7CA0ACBE29BD76 /* [CP] Check Pods Manifest.lock */,
				B5B8CCBF26F094C30057422D /* Sources */,
				B5B8CCC026F094C30057422D /* Frameworks */,
				B5B8CCC126F094C30057422D /* Resources */,
				E35421EEDCD861DF218BAF0D /* [CP] Embed Pods Frameworks */,
			);
			buildRules = (
			);
			dependencies = (
			);
			name = testGit;
			productName = testGit;
			productReference = B5B8CCC326F094C30057422D /* testGit.app */;
			productType = "com.apple.product-type.application";
		};
		B5B8CCD826F094C70057422D /* testGitTests */ = {
			isa = PBXNativeTarget;
			buildConfigurationList = B5B8CCF026F094C70057422D /* Build configuration list for PBXNativeTarget "testGitTests" */;
			buildPhases = (
				B5B8CCD526F094C70057422D /* Sources */,
				B5B8CCD626F094C70057422D /* Frameworks */,
				B5B8CCD726F094C70057422D /* Resources */,
			);
			buildRules = (
			);
			dependencies = (
				B5B8CCDB26F094C70057422D /* PBXTargetDependency */,
			);
			name = testGitTests;
			productName = testGitTests;
			productReference = B5B8CCD926F094C70057422D /* testGitTests.xctest */;
			productType = "com.apple.product-type.bundle.unit-test";
		};
		B5B8CCE326F094C70057422D /* testGitUITests */ = {
			isa = PBXNativeTarget;
			buildConfigurationList = B5B8CCF326F094C70057422D /* Build configuration list for PBXNativeTarget "testGitUITests" */;
			buildPhases = (
				B5B8CCE026F094C70057422D /* Sources */,
				B5B8CCE126F094C70057422D /* Frameworks */,
				B5B8CCE226F094C70057422D /* Resources */,
			);
			buildRules = (
			);
			dependencies = (
				B5B8CCE626F094C70057422D /* PBXTargetDependency */,
			);
			name = testGitUITests;
			productName = testGitUITests;
			productReference = B5B8CCE426F094C70057422D /* testGitUITests.xctest */;
			productType = "com.apple.product-type.bundle.ui-testing";
		};
/* End PBXNativeTarget section */

/* Begin PBXProject section */
		B5B8CCBB26F094C30057422D /* Project object */ = {
			isa = PBXProject;
			attributes = {
				LastSwiftUpdateCheck = 1240;
				LastUpgradeCheck = 1240;
				TargetAttributes = {
					B5B8CCC226F094C30057422D = {
						CreatedOnToolsVersion = 12.4;
					};
					B5B8CCD826F094C70057422D = {
						CreatedOnToolsVersion = 12.4;
						TestTargetID = B5B8CCC226F094C30057422D;
					};
					B5B8CCE326F094C70057422D = {
						CreatedOnToolsVersion = 12.4;
						TestTargetID = B5B8CCC226F094C30057422D;
					};
				};
			};
			buildConfigurationList = B5B8CCBE26F094C30057422D /* Build configuration list for PBXProject "testGit" */;
			compatibilityVersion = "Xcode 9.3";
			developmentRegion = en;
			hasScannedForEncodings = 0;
			knownRegions = (
				en,
				Base,
			);
			mainGroup = B5B8CCBA26F094C30057422D;
			productRefGroup = B5B8CCC426F094C30057422D /* Products */;
			projectDirPath = "";
			projectRoot = "";
			targets = (
				B5B8CCC226F094C30057422D /* testGit */,
				B5B8CCD826F094C70057422D /* testGitTests */,
				B5B8CCE326F094C70057422D /* testGitUITests */,
			);
		};
/* End PBXProject section */

/* Begin PBXResourcesBuildPhase section */
		B5B8CCC126F094C30057422D /* Resources */ = {
			isa = PBXResourcesBuildPhase;
			buildActionMask = 2147483647;
			files = (
				B5B8CCD326F094C60057422D /* LaunchScreen.storyboard in Resources */,
				B5B8CCD026F094C60057422D /* Assets.xcassets in Resources */,
				B5B8CCCE26F094C30057422D /* Main.storyboard in Resources */,
			);
			runOnlyForDeploymentPostprocessing = 0;
		};
		B5B8CCD726F094C70057422D /* Resources */ = {
			isa = PBXResourcesBuildPhase;
			buildActionMask = 2147483647;
			files = (
			);
			runOnlyForDeploymentPostprocessing = 0;
		};
		B5B8CCE226F094C70057422D /* Resources */ = {
			isa = PBXResourcesBuildPhase;
			buildActionMask = 2147483647;
			files = (
			);
			runOnlyForDeploymentPostprocessing = 0;
		};
/* End PBXResourcesBuildPhase section */

/* Begin PBXShellScriptBuildPhase section */
		7FDB4BB57D7CA0ACBE29BD76 /* [CP] Check Pods Manifest.lock */ = {
			isa = PBXShellScriptBuildPhase;
			buildActionMask = 2147483647;
			files = (
			);
			inputFileListPaths = (
			);
			inputPaths = (
				"${PODS_PODFILE_DIR_PATH}/Podfile.lock",
				"${PODS_ROOT}/Manifest.lock",
			);
			name = "[CP] Check Pods Manifest.lock";
			outputFileListPaths = (
			);
			outputPaths = (
				"$(DERIVED_FILE_DIR)/Pods-testGit-checkManifestLockResult.txt",
			);
			runOnlyForDeploymentPostprocessing = 0;
			shellPath = /bin/sh;
			shellScript = "diff \"${PODS_PODFILE_DIR_PATH}/Podfile.lock\" \"${PODS_ROOT}/Manifest.lock\" > /dev/null\nif [ $? != 0 ] ; then\n    # print error to STDERR\n    echo \"error: The sandbox is not in sync with the Podfile.lock. Run 'pod install' or update your CocoaPods installation.\" >&2\n    exit 1\nfi\n# This output is used by Xcode 'outputs' to avoid re-running this script phase.\necho \"SUCCESS\" > \"${SCRIPT_OUTPUT_FILE_0}\"\n";
			showEnvVarsInLog = 0;
		};
		E35421EEDCD861DF218BAF0D /* [CP] Embed Pods Frameworks */ = {
			isa = PBXShellScriptBuildPhase;
			buildActionMask = 2147483647;
			files = (
			);
			inputFileListPaths = (
				"${PODS_ROOT}/Target Support Files/Pods-testGit/Pods-testGit-frameworks-${CONFIGURATION}-input-files.xcfilelist",
			);
			name = "[CP] Embed Pods Frameworks";
			outputFileListPaths = (
				"${PODS_ROOT}/Target Support Files/Pods-testGit/Pods-testGit-frameworks-${CONFIGURATION}-output-files.xcfilelist",
			);
			runOnlyForDeploymentPostprocessing = 0;
			shellPath = /bin/sh;
			shellScript = "\"${PODS_ROOT}/Target Support Files/Pods-testGit/Pods-testGit-frameworks.sh\"\n";
			showEnvVarsInLog = 0;
		};
/* End PBXShellScriptBuildPhase section */

/* Begin PBXSourcesBuildPhase section */
		B5B8CCBF26F094C30057422D /* Sources */ = {
			isa = PBXSourcesBuildPhase;
			buildActionMask = 2147483647;
			files = (
				B5B8CCCB26F094C30057422D /* ViewController.swift in Sources */,
				B5B8CCC726F094C30057422D /* AppDelegate.swift in Sources */,
				B5B8CCC926F094C30057422D /* SceneDelegate.swift in Sources */,
			);
			runOnlyForDeploymentPostprocessing = 0;
		};
		B5B8CCD526F094C70057422D /* Sources */ = {
			isa = PBXSourcesBuildPhase;
			buildActionMask = 2147483647;
			files = (
				B5B8CCDE26F094C70057422D /* testGitTests.swift in Sources */,
			);
			runOnlyForDeploymentPostprocessing = 0;
		};
		B5B8CCE026F094C70057422D /* Sources */ = {
			isa = PBXSourcesBuildPhase;
			buildActionMask = 2147483647;
			files = (
				B5B8CCE926F094C70057422D /* testGitUITests.swift in Sources */,
			);
			runOnlyForDeploymentPostprocessing = 0;
		};
/* End PBXSourcesBuildPhase section */

/* Begin PBXTargetDependency section */
		B5B8CCDB26F094C70057422D /* PBXTargetDependency */ = {
			isa = PBXTargetDependency;
			target = B5B8CCC226F094C30057422D /* testGit */;
			targetProxy = B5B8CCDA26F094C70057422D /* PBXContainerItemProxy */;
		};
		B5B8CCE626F094C70057422D /* PBXTargetDependency */ = {
			isa = PBXTargetDependency;
			target = B5B8CCC226F094C30057422D /* testGit */;
			targetProxy = B5B8CCE526F094C70057422D /* PBXContainerItemProxy */;
		};
/* End PBXTargetDependency section */

/* Begin PBXVariantGroup section */
		B5B8CCCC26F094C30057422D /* Main.storyboard */ = {
			isa = PBXVariantGroup;
			children = (
				B5B8CCCD26F094C30057422D /* Base */,
			);
			name = Main.storyboard;
			sourceTree = "<group>";
		};
		B5B8CCD126F094C60057422D /* LaunchScreen.storyboard */ = {
			isa = PBXVariantGroup;
			children = (
				B5B8CCD226F094C60057422D /* Base */,
			);
			name = LaunchScreen.storyboard;
			sourceTree = "<group>";
		};
/* End PBXVariantGroup section */

/* Begin XCBuildConfiguration section */
		B5B8CCEB26F094C70057422D /* Debug */ = {
			isa = XCBuildConfiguration;
			buildSettings = {
				ALWAYS_SEARCH_USER_PATHS = NO;
				CLANG_ANALYZER_NONNULL = YES;
				CLANG_ANALYZER_NUMBER_OBJECT_CONVERSION = YES_AGGRESSIVE;
				CLANG_CXX_LANGUAGE_STANDARD = "gnu++14";
				CLANG_CXX_LIBRARY = "libc++";
				CLANG_ENABLE_MODULES = YES;
				CLANG_ENABLE_OBJC_ARC = YES;
				CLANG_ENABLE_OBJC_WEAK = YES;
				CLANG_WARN_BLOCK_CAPTURE_AUTORELEASING = YES;
				CLANG_WARN_BOOL_CONVERSION = YES;
				CLANG_WARN_COMMA = YES;
				CLANG_WARN_CONSTANT_CONVERSION = YES;
				CLANG_WARN_DEPRECATED_OBJC_IMPLEMENTATIONS = YES;
				CLANG_WARN_DIRECT_OBJC_ISA_USAGE = YES_ERROR;
				CLANG_WARN_DOCUMENTATION_COMMENTS = YES;
				CLANG_WARN_EMPTY_BODY = YES;
				CLANG_WARN_ENUM_CONVERSION = YES;
				CLANG_WARN_INFINITE_RECURSION = YES;
				CLANG_WARN_INT_CONVERSION = YES;
				CLANG_WARN_NON_LITERAL_NULL_CONVERSION = YES;
				CLANG_WARN_OBJC_IMPLICIT_RETAIN_SELF = YES;
				CLANG_WARN_OBJC_LITERAL_CONVERSION = YES;
				CLANG_WARN_OBJC_ROOT_CLASS = YES_ERROR;
				CLANG_WARN_QUOTED_INCLUDE_IN_FRAMEWORK_HEADER = YES;
				CLANG_WARN_RANGE_LOOP_ANALYSIS = YES;
				CLANG_WARN_STRICT_PROTOTYPES = YES;
				CLANG_WARN_SUSPICIOUS_MOVE = YES;
				CLANG_WARN_UNGUARDED_AVAILABILITY = YES_AGGRESSIVE;
				CLANG_WARN_UNREACHABLE_CODE = YES;
				CLANG_WARN__DUPLICATE_METHOD_MATCH = YES;
				COPY_PHASE_STRIP = NO;
				DEBUG_INFORMATION_FORMAT = dwarf;
				ENABLE_STRICT_OBJC_MSGSEND = YES;
				ENABLE_TESTABILITY = YES;
				GCC_C_LANGUAGE_STANDARD = gnu11;
				GCC_DYNAMIC_NO_PIC = NO;
				GCC_NO_COMMON_BLOCKS = YES;
				GCC_OPTIMIZATION_LEVEL = 0;
				GCC_PREPROCESSOR_DEFINITIONS = (
					"DEBUG=1",
					"$(inherited)",
				);
				GCC_WARN_64_TO_32_BIT_CONVERSION = YES;
				GCC_WARN_ABOUT_RETURN_TYPE = YES_ERROR;
				GCC_WARN_UNDECLARED_SELECTOR = YES;
				GCC_WARN_UNINITIALIZED_AUTOS = YES_AGGRESSIVE;
				GCC_WARN_UNUSED_FUNCTION = YES;
				GCC_WARN_UNUSED_VARIABLE = YES;
				IPHONEOS_DEPLOYMENT_TARGET = 14.4;
				MTL_ENABLE_DEBUG_INFO = INCLUDE_SOURCE;
				MTL_FAST_MATH = YES;
				ONLY_ACTIVE_ARCH = YES;
				SDKROOT = iphoneos;
				SWIFT_ACTIVE_COMPILATION_CONDITIONS = DEBUG;
				SWIFT_OPTIMIZATION_LEVEL = "-Onone";
			};
			name = Debug;
		};
		B5B8CCEC26F094C70057422D /* Release */ = {
			isa = XCBuildConfiguration;
			buildSettings = {
				ALWAYS_SEARCH_USER_PATHS = NO;
				CLANG_ANALYZER_NONNULL = YES;
				CLANG_ANALYZER_NUMBER_OBJECT_CONVERSION = YES_AGGRESSIVE;
				CLANG_CXX_LANGUAGE_STANDARD = "gnu++14";
				CLANG_CXX_LIBRARY = "libc++";
				CLANG_ENABLE_MODULES = YES;
				CLANG_ENABLE_OBJC_ARC = YES;
				CLANG_ENABLE_OBJC_WEAK = YES;
				CLANG_WARN_BLOCK_CAPTURE_AUTORELEASING = YES;
				CLANG_WARN_BOOL_CONVERSION = YES;
				CLANG_WARN_COMMA = YES;
				CLANG_WARN_CONSTANT_CONVERSION = YES;
				CLANG_WARN_DEPRECATED_OBJC_IMPLEMENTATIONS = YES;
				CLANG_WARN_DIRECT_OBJC_ISA_USAGE = YES_ERROR;
				CLANG_WARN_DOCUMENTATION_COMMENTS = YES;
				CLANG_WARN_EMPTY_BODY = YES;
				CLANG_WARN_ENUM_CONVERSION = YES;
				CLANG_WARN_INFINITE_RECURSION = YES;
				CLANG_WARN_INT_CONVERSION = YES;
				CLANG_WARN_NON_LITERAL_NULL_CONVERSION = YES;
				CLANG_WARN_OBJC_IMPLICIT_RETAIN_SELF = YES;
				CLANG_WARN_OBJC_LITERAL_CONVERSION = YES;
				CLANG_WARN_OBJC_ROOT_CLASS = YES_ERROR;
				CLANG_WARN_QUOTED_INCLUDE_IN_FRAMEWORK_HEADER = YES;
				CLANG_WARN_RANGE_LOOP_ANALYSIS = YES;
				CLANG_WARN_STRICT_PROTOTYPES = YES;
				CLANG_WARN_SUSPICIOUS_MOVE = YES;
				CLANG_WARN_UNGUARDED_AVAILABILITY = YES_AGGRESSIVE;
				CLANG_WARN_UNREACHABLE_CODE = YES;
				CLANG_WARN__DUPLICATE_METHOD_MATCH = YES;
				COPY_PHASE_STRIP = NO;
				DEBUG_INFORMATION_FORMAT = "dwarf-with-dsym";
				ENABLE_NS_ASSERTIONS = NO;
				ENABLE_STRICT_OBJC_MSGSEND = YES;
				GCC_C_LANGUAGE_STANDARD = gnu11;
				GCC_NO_COMMON_BLOCKS = YES;
				GCC_WARN_64_TO_32_BIT_CONVERSION = YES;
				GCC_WARN_ABOUT_RETURN_TYPE = YES_ERROR;
				GCC_WARN_UNDECLARED_SELECTOR = YES;
				GCC_WARN_UNINITIALIZED_AUTOS = YES_AGGRESSIVE;
				GCC_WARN_UNUSED_FUNCTION = YES;
				GCC_WARN_UNUSED_VARIABLE = YES;
				IPHONEOS_DEPLOYMENT_TARGET = 14.4;
				MTL_ENABLE_DEBUG_INFO = NO;
				MTL_FAST_MATH = YES;
				SDKROOT = iphoneos;
				SWIFT_COMPILATION_MODE = wholemodule;
				SWIFT_OPTIMIZATION_LEVEL = "-O";
				VALIDATE_PRODUCT = YES;
			};
			name = Release;
		};
		B5B8CCEE26F094C70057422D /* Debug */ = {
			isa = XCBuildConfiguration;
			baseConfigurationReference = 8A55418124C5AB753F5A95C2 /* Pods-testGit.debug.xcconfig */;
			buildSettings = {
				ASSETCATALOG_COMPILER_APPICON_NAME = AppIcon;
				ASSETCATALOG_COMPILER_GLOBAL_ACCENT_COLOR_NAME = AccentColor;
				CODE_SIGN_STYLE = Automatic;
				DEVELOPMENT_TEAM = 28QY73D58H;
				INFOPLIST_FILE = testGit/Info.plist;
				LD_RUNPATH_SEARCH_PATHS = (
					"$(inherited)",
					"@executable_path/Frameworks",
				);
				PRODUCT_BUNDLE_IDENTIFIER = com.krungsri.testGit;
				PRODUCT_NAME = "$(TARGET_NAME)";
				SWIFT_VERSION = 5.0;
				TARGETED_DEVICE_FAMILY = "1,2";
			};
			name = Debug;
		};
		B5B8CCEF26F094C70057422D /* Release */ = {
			isa = XCBuildConfiguration;
			baseConfigurationReference = 67462CF059E9825819BC9B5D /* Pods-testGit.release.xcconfig */;
			buildSettings = {
				ASSETCATALOG_COMPILER_APPICON_NAME = AppIcon;
				ASSETCATALOG_COMPILER_GLOBAL_ACCENT_COLOR_NAME = AccentColor;
				CODE_SIGN_STYLE = Automatic;
				DEVELOPMENT_TEAM = 28QY73D58H;
				INFOPLIST_FILE = testGit/Info.plist;
				LD_RUNPATH_SEARCH_PATHS = (
					"$(inherited)",
					"@executable_path/Frameworks",
				);
				PRODUCT_BUNDLE_IDENTIFIER = com.krungsri.testGit;
				PRODUCT_NAME = "$(TARGET_NAME)";
				SWIFT_VERSION = 5.0;
				TARGETED_DEVICE_FAMILY = "1,2";
			};
			name = Release;
		};
		B5B8CCF126F094C70057422D /* Debug */ = {
			isa = XCBuildConfiguration;
			buildSettings = {
				ALWAYS_EMBED_SWIFT_STANDARD_LIBRARIES = YES;
				BUNDLE_LOADER = "$(TEST_HOST)";
				CODE_SIGN_STYLE = Automatic;
				DEVELOPMENT_TEAM = 28QY73D58H;
				INFOPLIST_FILE = testGitTests/Info.plist;
				IPHONEOS_DEPLOYMENT_TARGET = 14.4;
				LD_RUNPATH_SEARCH_PATHS = (
					"$(inherited)",
					"@executable_path/Frameworks",
					"@loader_path/Frameworks",
				);
				PRODUCT_BUNDLE_IDENTIFIER = com.krungsri.testGitTests;
				PRODUCT_NAME = "$(TARGET_NAME)";
				SWIFT_VERSION = 5.0;
				TARGETED_DEVICE_FAMILY = "1,2";
				TEST_HOST = "$(BUILT_PRODUCTS_DIR)/testGit.app/testGit";
			};
			name = Debug;
		};
		B5B8CCF226F094C70057422D /* Release */ = {
			isa = XCBuildConfiguration;
			buildSettings = {
				ALWAYS_EMBED_SWIFT_STANDARD_LIBRARIES = YES;
				BUNDLE_LOADER = "$(TEST_HOST)";
				CODE_SIGN_STYLE = Automatic;
				DEVELOPMENT_TEAM = 28QY73D58H;
				INFOPLIST_FILE = testGitTests/Info.plist;
				IPHONEOS_DEPLOYMENT_TARGET = 14.4;
				LD_RUNPATH_SEARCH_PATHS = (
					"$(inherited)",
					"@executable_path/Frameworks",
					"@loader_path/Frameworks",
				);
				PRODUCT_BUNDLE_IDENTIFIER = com.krungsri.testGitTests;
				PRODUCT_NAME = "$(TARGET_NAME)";
				SWIFT_VERSION = 5.0;
				TARGETED_DEVICE_FAMILY = "1,2";
				TEST_HOST = "$(BUILT_PRODUCTS_DIR)/testGit.app/testGit";
			};
			name = Release;
		};
		B5B8CCF426F094C70057422D /* Debug */ = {
			isa = XCBuildConfiguration;
			buildSettings = {
				ALWAYS_EMBED_SWIFT_STANDARD_LIBRARIES = YES;
				CODE_SIGN_STYLE = Automatic;
				DEVELOPMENT_TEAM = 28QY73D58H;
				INFOPLIST_FILE = testGitUITests/Info.plist;
				LD_RUNPATH_SEARCH_PATHS = (
					"$(inherited)",
					"@executable_path/Frameworks",
					"@loader_path/Frameworks",
				);
				PRODUCT_BUNDLE_IDENTIFIER = com.krungsri.testGitUITests;
				PRODUCT_NAME = "$(TARGET_NAME)";
				SWIFT_VERSION = 5.0;
				TARGETED_DEVICE_FAMILY = "1,2";
				TEST_TARGET_NAME = testGit;
			};
			name = Debug;
		};
		B5B8CCF526F094C70057422D /* Release */ = {
			isa = XCBuildConfiguration;
			buildSettings = {
				ALWAYS_EMBED_SWIFT_STANDARD_LIBRARIES = YES;
				CODE_SIGN_STYLE = Automatic;
				DEVELOPMENT_TEAM = 28QY73D58H;
				INFOPLIST_FILE = testGitUITests/Info.plist;
				LD_RUNPATH_SEARCH_PATHS = (
					"$(inherited)",
					"@executable_path/Frameworks",
					"@loader_path/Frameworks",
				);
				PRODUCT_BUNDLE_IDENTIFIER = com.krungsri.testGitUITests;
				PRODUCT_NAME = "$(TARGET_NAME)";
				SWIFT_VERSION = 5.0;
				TARGETED_DEVICE_FAMILY = "1,2";
				TEST_TARGET_NAME = testGit;
			};
			name = Release;
		};
/* End XCBuildConfiguration section */

/* Begin XCConfigurationList section */
		B5B8CCBE26F094C30057422D /* Build configuration list for PBXProject "testGit" */ = {
			isa = XCConfigurationList;
			buildConfigurations = (
				B5B8CCEB26F094C70057422D /* Debug */,
				B5B8CCEC26F094C70057422D /* Release */,
			);
			defaultConfigurationIsVisible = 0;
			defaultConfigurationName = Release;
		};
		B5B8CCED26F094C70057422D /* Build configuration list for PBXNativeTarget "testGit" */ = {
			isa = XCConfigurationList;
			buildConfigurations = (
				B5B8CCEE26F094C70057422D /* Debug */,
				B5B8CCEF26F094C70057422D /* Release */,
			);
			defaultConfigurationIsVisible = 0;
			defaultConfigurationName = Release;
		};
		B5B8CCF026F094C70057422D /* Build configuration list for PBXNativeTarget "testGitTests" */ = {
			isa = XCConfigurationList;
			buildConfigurations = (
				B5B8CCF126F094C70057422D /* Debug */,
				B5B8CCF226F094C70057422D /* Release */,
			);
			defaultConfigurationIsVisible = 0;
			defaultConfigurationName = Release;
		};
		B5B8CCF326F094C70057422D /* Build configuration list for PBXNativeTarget "testGitUITests" */ = {
			isa = XCConfigurationList;
			buildConfigurations = (
				B5B8CCF426F094C70057422D /* Debug */,
				B5B8CCF526F094C70057422D /* Release */,
			);
			defaultConfigurationIsVisible = 0;
			defaultConfigurationName = Release;
		};
/* End XCConfigurationList section */
	};
	rootObject = B5B8CCBB26F094C30057422D /* Project object */;
}
